
Microsoft Visual Studio Solution File, Format Version 12.00
# Visual Studio Version 17
VisualStudioVersion = 17.14.36109.1 d17.14
MinimumVisualStudioVersion = 10.0.40219.1
Project("{FAE04EC0-301F-11D3-BF4B-00C04F79EFBC}") = "Zadachi", "Zadachi\Zadachi.csproj", "{ECEEFB9F-554B-4152-935F-9F846681BF69}"
EndProject
Global
	GlobalSection(SolutionConfigurationPlatforms) = preSolution
		Debug|Any CPU = Debug|Any CPU
		Release|Any CPU = Release|Any CPU
	EndGlobalSection
	GlobalSection(ProjectConfigurationPlatforms) = postSolution
		{ECEEFB9F-554B-4152-935F-9F846681BF69}.Debug|Any CPU.ActiveCfg = Debug|Any CPU
		{ECEEFB9F-554B-4152-935F-9F846681BF69}.Debug|Any CPU.Build.0 = Debug|Any CPU
		{ECEEFB9F-554B-4152-935F-9F846681BF69}.Release|Any CPU.ActiveCfg = Release|Any CPU
		{ECEEFB9F-554B-4152-935F-9F846681BF69}.Release|Any CPU.Build.0 = Release|Any CPU
	EndGlobalSection
	GlobalSection(SolutionProperties) = preSolution
		HideSolutionNode = FALSE
	EndGlobalSection
	GlobalSection(ExtensibilityGlobals) = postSolution
		SolutionGuid = {3994EAE5-E071-41DA-A3A7-AB8418DC24FB}
	EndGlobalSection
EndGlobal
