
Microsoft Visual Studio Solution File, Format Version 12.00
# Visual Studio Version 17
VisualStudioVersion = 17.14.36109.1 d17.14
MinimumVisualStudioVersion = 10.0.40219.1
Project("{FAE04EC0-301F-11D3-BF4B-00C04F79EFBC}") = "dz2", "dz2\dz2.csproj", "{AD7D48CB-A8DF-40D2-8B1D-543D428ADE1B}"
EndProject
Global
	GlobalSection(SolutionConfigurationPlatforms) = preSolution
		Debug|Any CPU = Debug|Any CPU
		Release|Any CPU = Release|Any CPU
	EndGlobalSection
	GlobalSection(ProjectConfigurationPlatforms) = postSolution
		{AD7D48CB-A8DF-40D2-8B1D-543D428ADE1B}.Debug|Any CPU.ActiveCfg = Debug|Any CPU
		{AD7D48CB-A8DF-40D2-8B1D-543D428ADE1B}.Debug|Any CPU.Build.0 = Debug|Any CPU
		{AD7D48CB-A8DF-40D2-8B1D-543D428ADE1B}.Release|Any CPU.ActiveCfg = Release|Any CPU
		{AD7D48CB-A8DF-40D2-8B1D-543D428ADE1B}.Release|Any CPU.Build.0 = Release|Any CPU
	EndGlobalSection
	GlobalSection(SolutionProperties) = preSolution
		HideSolutionNode = FALSE
	EndGlobalSection
	GlobalSection(ExtensibilityGlobals) = postSolution
		SolutionGuid = {8CE08ED0-D1A1-4F8A-B4EB-3286571F9F46}
	EndGlobalSection
EndGlobal
